
Microsoft Visual Studio Solution File, Format Version 12.00
# Visual Studio 14
VisualStudioVersion = 14.0.25123.0
MinimumVisualStudioVersion = 10.0.40219.1
Project("{FAE04EC0-301F-11D3-BF4B-00C04F79EFBC}") = "Mobet.Metting.Droid", "Mobet.Metting.Droid\Mobet.Metting.Droid.csproj", "{68809B9A-516F-4B1D-91AB-9C033AF74B64}"
EndProject
Project("{FAE04EC0-301F-11D3-BF4B-00C04F79EFBC}") = "Mobet.Metting", "Mobet.Metting\Mobet.Metting.csproj", "{D75EFF5F-49C7-4E2F-8BD8-01825A4AB8EA}"
EndProject
Project("{FAE04EC0-301F-11D3-BF4B-00C04F79EFBC}") = "Mobet.Droid.Components.AmazingRefresharp", "Mobet.Droid.Components.AmazingRefresharp\Mobet.Droid.Components.AmazingRefresharp.csproj", "{B6CF5919-8AD5-4C5A-AE9D-E2DD4CDDC45C}"
EndProject
Project("{FAE04EC0-301F-11D3-BF4B-00C04F79EFBC}") = "Mobet.Droid.Components.ResideMenu", "Mobet.Droid.Components.ResideMenu\Mobet.Droid.Components.ResideMenu.csproj", "{CBAE71E6-868B-4CE1-8E5C-4FA1F4EE06B3}"
EndProject
Project("{FAE04EC0-301F-11D3-BF4B-00C04F79EFBC}") = "Mobet.Droid.Components.ResideMenu.Sample", "Mobet.Droid.Components.ResideMenu.Sample\Mobet.Droid.Components.ResideMenu.Sample.csproj", "{F3B5A71C-25DD-43A7-83F7-E071DB227D83}"
EndProject
Global
	GlobalSection(SolutionConfigurationPlatforms) = preSolution
		Debug|Any CPU = Debug|Any CPU
		Release|Any CPU = Release|Any CPU
	EndGlobalSection
	GlobalSection(ProjectConfigurationPlatforms) = postSolution
		{68809B9A-516F-4B1D-91AB-9C033AF74B64}.Debug|Any CPU.ActiveCfg = Debug|Any CPU
		{68809B9A-516F-4B1D-91AB-9C033AF74B64}.Debug|Any CPU.Build.0 = Debug|Any CPU
		{68809B9A-516F-4B1D-91AB-9C033AF74B64}.Debug|Any CPU.Deploy.0 = Debug|Any CPU
		{68809B9A-516F-4B1D-91AB-9C033AF74B64}.Release|Any CPU.ActiveCfg = Release|Any CPU
		{68809B9A-516F-4B1D-91AB-9C033AF74B64}.Release|Any CPU.Build.0 = Release|Any CPU
		{68809B9A-516F-4B1D-91AB-9C033AF74B64}.Release|Any CPU.Deploy.0 = Release|Any CPU
		{D75EFF5F-49C7-4E2F-8BD8-01825A4AB8EA}.Debug|Any CPU.ActiveCfg = Debug|Any CPU
		{D75EFF5F-49C7-4E2F-8BD8-01825A4AB8EA}.Debug|Any CPU.Build.0 = Debug|Any CPU
		{D75EFF5F-49C7-4E2F-8BD8-01825A4AB8EA}.Release|Any CPU.ActiveCfg = Release|Any CPU
		{D75EFF5F-49C7-4E2F-8BD8-01825A4AB8EA}.Release|Any CPU.Build.0 = Release|Any CPU
		{B6CF5919-8AD5-4C5A-AE9D-E2DD4CDDC45C}.Debug|Any CPU.ActiveCfg = Debug|Any CPU
		{B6CF5919-8AD5-4C5A-AE9D-E2DD4CDDC45C}.Debug|Any CPU.Build.0 = Debug|Any CPU
		{B6CF5919-8AD5-4C5A-AE9D-E2DD4CDDC45C}.Release|Any CPU.ActiveCfg = Release|Any CPU
		{B6CF5919-8AD5-4C5A-AE9D-E2DD4CDDC45C}.Release|Any CPU.Build.0 = Release|Any CPU
		{CBAE71E6-868B-4CE1-8E5C-4FA1F4EE06B3}.Debug|Any CPU.ActiveCfg = Debug|Any CPU
		{CBAE71E6-868B-4CE1-8E5C-4FA1F4EE06B3}.Debug|Any CPU.Build.0 = Debug|Any CPU
		{CBAE71E6-868B-4CE1-8E5C-4FA1F4EE06B3}.Release|Any CPU.ActiveCfg = Release|Any CPU
		{CBAE71E6-868B-4CE1-8E5C-4FA1F4EE06B3}.Release|Any CPU.Build.0 = Release|Any CPU
		{F3B5A71C-25DD-43A7-83F7-E071DB227D83}.Debug|Any CPU.ActiveCfg = Debug|Any CPU
		{F3B5A71C-25DD-43A7-83F7-E071DB227D83}.Debug|Any CPU.Build.0 = Debug|Any CPU
		{F3B5A71C-25DD-43A7-83F7-E071DB227D83}.Debug|Any CPU.Deploy.0 = Debug|Any CPU
		{F3B5A71C-25DD-43A7-83F7-E071DB227D83}.Release|Any CPU.ActiveCfg = Release|Any CPU
		{F3B5A71C-25DD-43A7-83F7-E071DB227D83}.Release|Any CPU.Build.0 = Release|Any CPU
		{F3B5A71C-25DD-43A7-83F7-E071DB227D83}.Release|Any CPU.Deploy.0 = Release|Any CPU
	EndGlobalSection
	GlobalSection(SolutionProperties) = preSolution
		HideSolutionNode = FALSE
	EndGlobalSection
EndGlobal
