
Microsoft Visual Studio Solution File, Format Version 12.00
# Visual Studio 14
VisualStudioVersion = 14.0.25123.0
MinimumVisualStudioVersion = 10.0.40219.1
Project("{FAE04EC0-301F-11D3-BF4B-00C04F79EFBC}") = "Mobet.Metting.Droid", "Mobet.Metting.Droid\Mobet.Metting.Droid.csproj", "{68809B9A-516F-4B1D-91AB-9C033AF74B64}"
EndProject
Project("{FAE04EC0-301F-11D3-BF4B-00C04F79EFBC}") = "Mobet.Metting", "Mobet.Metting\Mobet.Metting.csproj", "{D75EFF5F-49C7-4E2F-8BD8-01825A4AB8EA}"
EndProject
Project("{FAE04EC0-301F-11D3-BF4B-00C04F79EFBC}") = "Mobet.Droid.Components.AmazingRefresharp", "Mobet.Droid.Components.AmazingRefresharp\Mobet.Droid.Components.AmazingRefresharp.csproj", "{B6CF5919-8AD5-4C5A-AE9D-E2DD4CDDC45C}"
EndProject
Project("{FAE04EC0-301F-11D3-BF4B-00C04F79EFBC}") = "Mobet.Droid.Components.ResideMenu", "Mobet.Droid.Components.ResideMenu\Mobet.Droid.Components.ResideMenu.csproj", "{CBAE71E6-868B-4CE1-8E5C-4FA1F4EE06B3}"
EndProject
Project("{FAE04EC0-301F-11D3-BF4B-00C04F79EFBC}") = "Mobet.Droid.Components.ResideMenu.Sample", "Mobet.Droid.Components.ResideMenu.Sample\Mobet.Droid.Components.ResideMenu.Sample.csproj", "{F3B5A71C-25DD-43A7-83F7-E071DB227D83}"
EndProject
Project("{FAE04EC0-301F-11D3-BF4B-00C04F79EFBC}") = "Mobet.Droid.Bindings.JPush", "Mobet.Droid.Bindings.JPush\Mobet.Droid.Bindings.JPush.csproj", "{EC4A01EC-99BC-4C59-914B-B5487510197F}"
EndProject
Global
	GlobalSection(SolutionConfigurationPlatforms) = preSolution
		Ad-Hoc|Any CPU = Ad-Hoc|Any CPU
		Ad-Hoc|iPhone = Ad-Hoc|iPhone
		Ad-Hoc|iPhoneSimulator = Ad-Hoc|iPhoneSimulator
		AppStore|Any CPU = AppStore|Any CPU
		AppStore|iPhone = AppStore|iPhone
		AppStore|iPhoneSimulator = AppStore|iPhoneSimulator
		Debug|Any CPU = Debug|Any CPU
		Debug|iPhone = Debug|iPhone
		Debug|iPhoneSimulator = Debug|iPhoneSimulator
		Release|Any CPU = Release|Any CPU
		Release|iPhone = Release|iPhone
		Release|iPhoneSimulator = Release|iPhoneSimulator
	EndGlobalSection
	GlobalSection(ProjectConfigurationPlatforms) = postSolution
		{68809B9A-516F-4B1D-91AB-9C033AF74B64}.Ad-Hoc|Any CPU.ActiveCfg = Release|Any CPU
		{68809B9A-516F-4B1D-91AB-9C033AF74B64}.Ad-Hoc|Any CPU.Build.0 = Release|Any CPU
		{68809B9A-516F-4B1D-91AB-9C033AF74B64}.Ad-Hoc|Any CPU.Deploy.0 = Release|Any CPU
		{68809B9A-516F-4B1D-91AB-9C033AF74B64}.Ad-Hoc|iPhone.ActiveCfg = Release|Any CPU
		{68809B9A-516F-4B1D-91AB-9C033AF74B64}.Ad-Hoc|iPhone.Build.0 = Release|Any CPU
		{68809B9A-516F-4B1D-91AB-9C033AF74B64}.Ad-Hoc|iPhone.Deploy.0 = Release|Any CPU
		{68809B9A-516F-4B1D-91AB-9C033AF74B64}.Ad-Hoc|iPhoneSimulator.ActiveCfg = Release|Any CPU
		{68809B9A-516F-4B1D-91AB-9C033AF74B64}.Ad-Hoc|iPhoneSimulator.Build.0 = Release|Any CPU
		{68809B9A-516F-4B1D-91AB-9C033AF74B64}.Ad-Hoc|iPhoneSimulator.Deploy.0 = Release|Any CPU
		{68809B9A-516F-4B1D-91AB-9C033AF74B64}.AppStore|Any CPU.ActiveCfg = Release|Any CPU
		{68809B9A-516F-4B1D-91AB-9C033AF74B64}.AppStore|Any CPU.Build.0 = Release|Any CPU
		{68809B9A-516F-4B1D-91AB-9C033AF74B64}.AppStore|Any CPU.Deploy.0 = Release|Any CPU
		{68809B9A-516F-4B1D-91AB-9C033AF74B64}.AppStore|iPhone.ActiveCfg = Release|Any CPU
		{68809B9A-516F-4B1D-91AB-9C033AF74B64}.AppStore|iPhone.Build.0 = Release|Any CPU
		{68809B9A-516F-4B1D-91AB-9C033AF74B64}.AppStore|iPhone.Deploy.0 = Release|Any CPU
		{68809B9A-516F-4B1D-91AB-9C033AF74B64}.AppStore|iPhoneSimulator.ActiveCfg = Release|Any CPU
		{68809B9A-516F-4B1D-91AB-9C033AF74B64}.AppStore|iPhoneSimulator.Build.0 = Release|Any CPU
		{68809B9A-516F-4B1D-91AB-9C033AF74B64}.AppStore|iPhoneSimulator.Deploy.0 = Release|Any CPU
		{68809B9A-516F-4B1D-91AB-9C033AF74B64}.Debug|Any CPU.ActiveCfg = Debug|Any CPU
		{68809B9A-516F-4B1D-91AB-9C033AF74B64}.Debug|Any CPU.Build.0 = Debug|Any CPU
		{68809B9A-516F-4B1D-91AB-9C033AF74B64}.Debug|Any CPU.Deploy.0 = Debug|Any CPU
		{68809B9A-516F-4B1D-91AB-9C033AF74B64}.Debug|iPhone.ActiveCfg = Debug|Any CPU
		{68809B9A-516F-4B1D-91AB-9C033AF74B64}.Debug|iPhone.Build.0 = Debug|Any CPU
		{68809B9A-516F-4B1D-91AB-9C033AF74B64}.Debug|iPhone.Deploy.0 = Debug|Any CPU
		{68809B9A-516F-4B1D-91AB-9C033AF74B64}.Debug|iPhoneSimulator.ActiveCfg = Debug|Any CPU
		{68809B9A-516F-4B1D-91AB-9C033AF74B64}.Debug|iPhoneSimulator.Build.0 = Debug|Any CPU
		{68809B9A-516F-4B1D-91AB-9C033AF74B64}.Debug|iPhoneSimulator.Deploy.0 = Debug|Any CPU
		{68809B9A-516F-4B1D-91AB-9C033AF74B64}.Release|Any CPU.ActiveCfg = Release|Any CPU
		{68809B9A-516F-4B1D-91AB-9C033AF74B64}.Release|Any CPU.Build.0 = Release|Any CPU
		{68809B9A-516F-4B1D-91AB-9C033AF74B64}.Release|Any CPU.Deploy.0 = Release|Any CPU
		{68809B9A-516F-4B1D-91AB-9C033AF74B64}.Release|iPhone.ActiveCfg = Release|Any CPU
		{68809B9A-516F-4B1D-91AB-9C033AF74B64}.Release|iPhone.Build.0 = Release|Any CPU
		{68809B9A-516F-4B1D-91AB-9C033AF74B64}.Release|iPhone.Deploy.0 = Release|Any CPU
		{68809B9A-516F-4B1D-91AB-9C033AF74B64}.Release|iPhoneSimulator.ActiveCfg = Release|Any CPU
		{68809B9A-516F-4B1D-91AB-9C033AF74B64}.Release|iPhoneSimulator.Build.0 = Release|Any CPU
		{68809B9A-516F-4B1D-91AB-9C033AF74B64}.Release|iPhoneSimulator.Deploy.0 = Release|Any CPU
		{D75EFF5F-49C7-4E2F-8BD8-01825A4AB8EA}.Ad-Hoc|Any CPU.ActiveCfg = Release|Any CPU
		{D75EFF5F-49C7-4E2F-8BD8-01825A4AB8EA}.Ad-Hoc|Any CPU.Build.0 = Release|Any CPU
		{D75EFF5F-49C7-4E2F-8BD8-01825A4AB8EA}.Ad-Hoc|iPhone.ActiveCfg = Release|Any CPU
		{D75EFF5F-49C7-4E2F-8BD8-01825A4AB8EA}.Ad-Hoc|iPhone.Build.0 = Release|Any CPU
		{D75EFF5F-49C7-4E2F-8BD8-01825A4AB8EA}.Ad-Hoc|iPhoneSimulator.ActiveCfg = Release|Any CPU
		{D75EFF5F-49C7-4E2F-8BD8-01825A4AB8EA}.Ad-Hoc|iPhoneSimulator.Build.0 = Release|Any CPU
		{D75EFF5F-49C7-4E2F-8BD8-01825A4AB8EA}.AppStore|Any CPU.ActiveCfg = Release|Any CPU
		{D75EFF5F-49C7-4E2F-8BD8-01825A4AB8EA}.AppStore|Any CPU.Build.0 = Release|Any CPU
		{D75EFF5F-49C7-4E2F-8BD8-01825A4AB8EA}.AppStore|iPhone.ActiveCfg = Release|Any CPU
		{D75EFF5F-49C7-4E2F-8BD8-01825A4AB8EA}.AppStore|iPhone.Build.0 = Release|Any CPU
		{D75EFF5F-49C7-4E2F-8BD8-01825A4AB8EA}.AppStore|iPhoneSimulator.ActiveCfg = Release|Any CPU
		{D75EFF5F-49C7-4E2F-8BD8-01825A4AB8EA}.AppStore|iPhoneSimulator.Build.0 = Release|Any CPU
		{D75EFF5F-49C7-4E2F-8BD8-01825A4AB8EA}.Debug|Any CPU.ActiveCfg = Debug|Any CPU
		{D75EFF5F-49C7-4E2F-8BD8-01825A4AB8EA}.Debug|Any CPU.Build.0 = Debug|Any CPU
		{D75EFF5F-49C7-4E2F-8BD8-01825A4AB8EA}.Debug|iPhone.ActiveCfg = Debug|Any CPU
		{D75EFF5F-49C7-4E2F-8BD8-01825A4AB8EA}.Debug|iPhone.Build.0 = Debug|Any CPU
		{D75EFF5F-49C7-4E2F-8BD8-01825A4AB8EA}.Debug|iPhoneSimulator.ActiveCfg = Debug|Any CPU
		{D75EFF5F-49C7-4E2F-8BD8-01825A4AB8EA}.Debug|iPhoneSimulator.Build.0 = Debug|Any CPU
		{D75EFF5F-49C7-4E2F-8BD8-01825A4AB8EA}.Release|Any CPU.ActiveCfg = Release|Any CPU
		{D75EFF5F-49C7-4E2F-8BD8-01825A4AB8EA}.Release|Any CPU.Build.0 = Release|Any CPU
		{D75EFF5F-49C7-4E2F-8BD8-01825A4AB8EA}.Release|iPhone.ActiveCfg = Release|Any CPU
		{D75EFF5F-49C7-4E2F-8BD8-01825A4AB8EA}.Release|iPhone.Build.0 = Release|Any CPU
		{D75EFF5F-49C7-4E2F-8BD8-01825A4AB8EA}.Release|iPhoneSimulator.ActiveCfg = Release|Any CPU
		{D75EFF5F-49C7-4E2F-8BD8-01825A4AB8EA}.Release|iPhoneSimulator.Build.0 = Release|Any CPU
		{B6CF5919-8AD5-4C5A-AE9D-E2DD4CDDC45C}.Ad-Hoc|Any CPU.ActiveCfg = Release|Any CPU
		{B6CF5919-8AD5-4C5A-AE9D-E2DD4CDDC45C}.Ad-Hoc|Any CPU.Build.0 = Release|Any CPU
		{B6CF5919-8AD5-4C5A-AE9D-E2DD4CDDC45C}.Ad-Hoc|iPhone.ActiveCfg = Release|Any CPU
		{B6CF5919-8AD5-4C5A-AE9D-E2DD4CDDC45C}.Ad-Hoc|iPhone.Build.0 = Release|Any CPU
		{B6CF5919-8AD5-4C5A-AE9D-E2DD4CDDC45C}.Ad-Hoc|iPhoneSimulator.ActiveCfg = Release|Any CPU
		{B6CF5919-8AD5-4C5A-AE9D-E2DD4CDDC45C}.Ad-Hoc|iPhoneSimulator.Build.0 = Release|Any CPU
		{B6CF5919-8AD5-4C5A-AE9D-E2DD4CDDC45C}.AppStore|Any CPU.ActiveCfg = Release|Any CPU
		{B6CF5919-8AD5-4C5A-AE9D-E2DD4CDDC45C}.AppStore|Any CPU.Build.0 = Release|Any CPU
		{B6CF5919-8AD5-4C5A-AE9D-E2DD4CDDC45C}.AppStore|iPhone.ActiveCfg = Release|Any CPU
		{B6CF5919-8AD5-4C5A-AE9D-E2DD4CDDC45C}.AppStore|iPhone.Build.0 = Release|Any CPU
		{B6CF5919-8AD5-4C5A-AE9D-E2DD4CDDC45C}.AppStore|iPhoneSimulator.ActiveCfg = Release|Any CPU
		{B6CF5919-8AD5-4C5A-AE9D-E2DD4CDDC45C}.AppStore|iPhoneSimulator.Build.0 = Release|Any CPU
		{B6CF5919-8AD5-4C5A-AE9D-E2DD4CDDC45C}.Debug|Any CPU.ActiveCfg = Debug|Any CPU
		{B6CF5919-8AD5-4C5A-AE9D-E2DD4CDDC45C}.Debug|Any CPU.Build.0 = Debug|Any CPU
		{B6CF5919-8AD5-4C5A-AE9D-E2DD4CDDC45C}.Debug|iPhone.ActiveCfg = Debug|Any CPU
		{B6CF5919-8AD5-4C5A-AE9D-E2DD4CDDC45C}.Debug|iPhone.Build.0 = Debug|Any CPU
		{B6CF5919-8AD5-4C5A-AE9D-E2DD4CDDC45C}.Debug|iPhoneSimulator.ActiveCfg = Debug|Any CPU
		{B6CF5919-8AD5-4C5A-AE9D-E2DD4CDDC45C}.Debug|iPhoneSimulator.Build.0 = Debug|Any CPU
		{B6CF5919-8AD5-4C5A-AE9D-E2DD4CDDC45C}.Release|Any CPU.ActiveCfg = Release|Any CPU
		{B6CF5919-8AD5-4C5A-AE9D-E2DD4CDDC45C}.Release|Any CPU.Build.0 = Release|Any CPU
		{B6CF5919-8AD5-4C5A-AE9D-E2DD4CDDC45C}.Release|iPhone.ActiveCfg = Release|Any CPU
		{B6CF5919-8AD5-4C5A-AE9D-E2DD4CDDC45C}.Release|iPhone.Build.0 = Release|Any CPU
		{B6CF5919-8AD5-4C5A-AE9D-E2DD4CDDC45C}.Release|iPhoneSimulator.ActiveCfg = Release|Any CPU
		{B6CF5919-8AD5-4C5A-AE9D-E2DD4CDDC45C}.Release|iPhoneSimulator.Build.0 = Release|Any CPU
		{CBAE71E6-868B-4CE1-8E5C-4FA1F4EE06B3}.Ad-Hoc|Any CPU.ActiveCfg = Release|Any CPU
		{CBAE71E6-868B-4CE1-8E5C-4FA1F4EE06B3}.Ad-Hoc|Any CPU.Build.0 = Release|Any CPU
		{CBAE71E6-868B-4CE1-8E5C-4FA1F4EE06B3}.Ad-Hoc|iPhone.ActiveCfg = Release|Any CPU
		{CBAE71E6-868B-4CE1-8E5C-4FA1F4EE06B3}.Ad-Hoc|iPhone.Build.0 = Release|Any CPU
		{CBAE71E6-868B-4CE1-8E5C-4FA1F4EE06B3}.Ad-Hoc|iPhoneSimulator.ActiveCfg = Release|Any CPU
		{CBAE71E6-868B-4CE1-8E5C-4FA1F4EE06B3}.Ad-Hoc|iPhoneSimulator.Build.0 = Release|Any CPU
		{CBAE71E6-868B-4CE1-8E5C-4FA1F4EE06B3}.AppStore|Any CPU.ActiveCfg = Release|Any CPU
		{CBAE71E6-868B-4CE1-8E5C-4FA1F4EE06B3}.AppStore|Any CPU.Build.0 = Release|Any CPU
		{CBAE71E6-868B-4CE1-8E5C-4FA1F4EE06B3}.AppStore|iPhone.ActiveCfg = Release|Any CPU
		{CBAE71E6-868B-4CE1-8E5C-4FA1F4EE06B3}.AppStore|iPhone.Build.0 = Release|Any CPU
		{CBAE71E6-868B-4CE1-8E5C-4FA1F4EE06B3}.AppStore|iPhoneSimulator.ActiveCfg = Release|Any CPU
		{CBAE71E6-868B-4CE1-8E5C-4FA1F4EE06B3}.AppStore|iPhoneSimulator.Build.0 = Release|Any CPU
		{CBAE71E6-868B-4CE1-8E5C-4FA1F4EE06B3}.Debug|Any CPU.ActiveCfg = Debug|Any CPU
		{CBAE71E6-868B-4CE1-8E5C-4FA1F4EE06B3}.Debug|Any CPU.Build.0 = Debug|Any CPU
		{CBAE71E6-868B-4CE1-8E5C-4FA1F4EE06B3}.Debug|iPhone.ActiveCfg = Debug|Any CPU
		{CBAE71E6-868B-4CE1-8E5C-4FA1F4EE06B3}.Debug|iPhone.Build.0 = Debug|Any CPU
		{CBAE71E6-868B-4CE1-8E5C-4FA1F4EE06B3}.Debug|iPhoneSimulator.ActiveCfg = Debug|Any CPU
		{CBAE71E6-868B-4CE1-8E5C-4FA1F4EE06B3}.Debug|iPhoneSimulator.Build.0 = Debug|Any CPU
		{CBAE71E6-868B-4CE1-8E5C-4FA1F4EE06B3}.Release|Any CPU.ActiveCfg = Release|Any CPU
		{CBAE71E6-868B-4CE1-8E5C-4FA1F4EE06B3}.Release|Any CPU.Build.0 = Release|Any CPU
		{CBAE71E6-868B-4CE1-8E5C-4FA1F4EE06B3}.Release|iPhone.ActiveCfg = Release|Any CPU
		{CBAE71E6-868B-4CE1-8E5C-4FA1F4EE06B3}.Release|iPhone.Build.0 = Release|Any CPU
		{CBAE71E6-868B-4CE1-8E5C-4FA1F4EE06B3}.Release|iPhoneSimulator.ActiveCfg = Release|Any CPU
		{CBAE71E6-868B-4CE1-8E5C-4FA1F4EE06B3}.Release|iPhoneSimulator.Build.0 = Release|Any CPU
		{F3B5A71C-25DD-43A7-83F7-E071DB227D83}.Ad-Hoc|Any CPU.ActiveCfg = Release|Any CPU
		{F3B5A71C-25DD-43A7-83F7-E071DB227D83}.Ad-Hoc|Any CPU.Build.0 = Release|Any CPU
		{F3B5A71C-25DD-43A7-83F7-E071DB227D83}.Ad-Hoc|Any CPU.Deploy.0 = Release|Any CPU
		{F3B5A71C-25DD-43A7-83F7-E071DB227D83}.Ad-Hoc|iPhone.ActiveCfg = Release|Any CPU
		{F3B5A71C-25DD-43A7-83F7-E071DB227D83}.Ad-Hoc|iPhone.Build.0 = Release|Any CPU
		{F3B5A71C-25DD-43A7-83F7-E071DB227D83}.Ad-Hoc|iPhone.Deploy.0 = Release|Any CPU
		{F3B5A71C-25DD-43A7-83F7-E071DB227D83}.Ad-Hoc|iPhoneSimulator.ActiveCfg = Release|Any CPU
		{F3B5A71C-25DD-43A7-83F7-E071DB227D83}.Ad-Hoc|iPhoneSimulator.Build.0 = Release|Any CPU
		{F3B5A71C-25DD-43A7-83F7-E071DB227D83}.Ad-Hoc|iPhoneSimulator.Deploy.0 = Release|Any CPU
		{F3B5A71C-25DD-43A7-83F7-E071DB227D83}.AppStore|Any CPU.ActiveCfg = Release|Any CPU
		{F3B5A71C-25DD-43A7-83F7-E071DB227D83}.AppStore|Any CPU.Build.0 = Release|Any CPU
		{F3B5A71C-25DD-43A7-83F7-E071DB227D83}.AppStore|Any CPU.Deploy.0 = Release|Any CPU
		{F3B5A71C-25DD-43A7-83F7-E071DB227D83}.AppStore|iPhone.ActiveCfg = Release|Any CPU
		{F3B5A71C-25DD-43A7-83F7-E071DB227D83}.AppStore|iPhone.Build.0 = Release|Any CPU
		{F3B5A71C-25DD-43A7-83F7-E071DB227D83}.AppStore|iPhone.Deploy.0 = Release|Any CPU
		{F3B5A71C-25DD-43A7-83F7-E071DB227D83}.AppStore|iPhoneSimulator.ActiveCfg = Release|Any CPU
		{F3B5A71C-25DD-43A7-83F7-E071DB227D83}.AppStore|iPhoneSimulator.Build.0 = Release|Any CPU
		{F3B5A71C-25DD-43A7-83F7-E071DB227D83}.AppStore|iPhoneSimulator.Deploy.0 = Release|Any CPU
		{F3B5A71C-25DD-43A7-83F7-E071DB227D83}.Debug|Any CPU.ActiveCfg = Debug|Any CPU
		{F3B5A71C-25DD-43A7-83F7-E071DB227D83}.Debug|Any CPU.Build.0 = Debug|Any CPU
		{F3B5A71C-25DD-43A7-83F7-E071DB227D83}.Debug|Any CPU.Deploy.0 = Debug|Any CPU
		{F3B5A71C-25DD-43A7-83F7-E071DB227D83}.Debug|iPhone.ActiveCfg = Debug|Any CPU
		{F3B5A71C-25DD-43A7-83F7-E071DB227D83}.Debug|iPhone.Build.0 = Debug|Any CPU
		{F3B5A71C-25DD-43A7-83F7-E071DB227D83}.Debug|iPhone.Deploy.0 = Debug|Any CPU
		{F3B5A71C-25DD-43A7-83F7-E071DB227D83}.Debug|iPhoneSimulator.ActiveCfg = Debug|Any CPU
		{F3B5A71C-25DD-43A7-83F7-E071DB227D83}.Debug|iPhoneSimulator.Build.0 = Debug|Any CPU
		{F3B5A71C-25DD-43A7-83F7-E071DB227D83}.Debug|iPhoneSimulator.Deploy.0 = Debug|Any CPU
		{F3B5A71C-25DD-43A7-83F7-E071DB227D83}.Release|Any CPU.ActiveCfg = Release|Any CPU
		{F3B5A71C-25DD-43A7-83F7-E071DB227D83}.Release|Any CPU.Build.0 = Release|Any CPU
		{F3B5A71C-25DD-43A7-83F7-E071DB227D83}.Release|Any CPU.Deploy.0 = Release|Any CPU
		{F3B5A71C-25DD-43A7-83F7-E071DB227D83}.Release|iPhone.ActiveCfg = Release|Any CPU
		{F3B5A71C-25DD-43A7-83F7-E071DB227D83}.Release|iPhone.Build.0 = Release|Any CPU
		{F3B5A71C-25DD-43A7-83F7-E071DB227D83}.Release|iPhone.Deploy.0 = Release|Any CPU
		{F3B5A71C-25DD-43A7-83F7-E071DB227D83}.Release|iPhoneSimulator.ActiveCfg = Release|Any CPU
		{F3B5A71C-25DD-43A7-83F7-E071DB227D83}.Release|iPhoneSimulator.Build.0 = Release|Any CPU
		{F3B5A71C-25DD-43A7-83F7-E071DB227D83}.Release|iPhoneSimulator.Deploy.0 = Release|Any CPU
		{EC4A01EC-99BC-4C59-914B-B5487510197F}.Ad-Hoc|Any CPU.ActiveCfg = Release|Any CPU
		{EC4A01EC-99BC-4C59-914B-B5487510197F}.Ad-Hoc|Any CPU.Build.0 = Release|Any CPU
		{EC4A01EC-99BC-4C59-914B-B5487510197F}.Ad-Hoc|iPhone.ActiveCfg = Release|Any CPU
		{EC4A01EC-99BC-4C59-914B-B5487510197F}.Ad-Hoc|iPhone.Build.0 = Release|Any CPU
		{EC4A01EC-99BC-4C59-914B-B5487510197F}.Ad-Hoc|iPhoneSimulator.ActiveCfg = Release|Any CPU
		{EC4A01EC-99BC-4C59-914B-B5487510197F}.Ad-Hoc|iPhoneSimulator.Build.0 = Release|Any CPU
		{EC4A01EC-99BC-4C59-914B-B5487510197F}.AppStore|Any CPU.ActiveCfg = Release|Any CPU
		{EC4A01EC-99BC-4C59-914B-B5487510197F}.AppStore|Any CPU.Build.0 = Release|Any CPU
		{EC4A01EC-99BC-4C59-914B-B5487510197F}.AppStore|iPhone.ActiveCfg = Release|Any CPU
		{EC4A01EC-99BC-4C59-914B-B5487510197F}.AppStore|iPhone.Build.0 = Release|Any CPU
		{EC4A01EC-99BC-4C59-914B-B5487510197F}.AppStore|iPhoneSimulator.ActiveCfg = Release|Any CPU
		{EC4A01EC-99BC-4C59-914B-B5487510197F}.AppStore|iPhoneSimulator.Build.0 = Release|Any CPU
		{EC4A01EC-99BC-4C59-914B-B5487510197F}.Debug|Any CPU.ActiveCfg = Debug|Any CPU
		{EC4A01EC-99BC-4C59-914B-B5487510197F}.Debug|Any CPU.Build.0 = Debug|Any CPU
		{EC4A01EC-99BC-4C59-914B-B5487510197F}.Debug|iPhone.ActiveCfg = Debug|Any CPU
		{EC4A01EC-99BC-4C59-914B-B5487510197F}.Debug|iPhone.Build.0 = Debug|Any CPU
		{EC4A01EC-99BC-4C59-914B-B5487510197F}.Debug|iPhoneSimulator.ActiveCfg = Debug|Any CPU
		{EC4A01EC-99BC-4C59-914B-B5487510197F}.Debug|iPhoneSimulator.Build.0 = Debug|Any CPU
		{EC4A01EC-99BC-4C59-914B-B5487510197F}.Release|Any CPU.ActiveCfg = Release|Any CPU
		{EC4A01EC-99BC-4C59-914B-B5487510197F}.Release|Any CPU.Build.0 = Release|Any CPU
		{EC4A01EC-99BC-4C59-914B-B5487510197F}.Release|iPhone.ActiveCfg = Release|Any CPU
		{EC4A01EC-99BC-4C59-914B-B5487510197F}.Release|iPhone.Build.0 = Release|Any CPU
		{EC4A01EC-99BC-4C59-914B-B5487510197F}.Release|iPhoneSimulator.ActiveCfg = Release|Any CPU
		{EC4A01EC-99BC-4C59-914B-B5487510197F}.Release|iPhoneSimulator.Build.0 = Release|Any CPU
	EndGlobalSection
	GlobalSection(SolutionProperties) = preSolution
		HideSolutionNode = FALSE
	EndGlobalSection
EndGlobal
